
Microsoft Visual Studio Solution File, Format Version 12.00
# Visual Studio 14
VisualStudioVersion = 14.0.24720.0
MinimumVisualStudioVersion = 10.0.40219.1
Project("{FAE04EC0-301F-11D3-BF4B-00C04F79EFBC}") = "EveCacheParser", "Desmont_McCallock-evecacheparser\src\EveCacheParser\EveCacheParser.csproj", "{8948DCA5-C664-4093-A1FC-6C37C575FBE0}"
EndProject
Project("{FAE04EC0-301F-11D3-BF4B-00C04F79EFBC}") = "Dumper", "Desmont_McCallock-evecacheparser\src\Dumper\Dumper.csproj", "{D0F83DD2-6081-4FDA-96F0-D0883EAD7023}"
EndProject
Project("{FAE04EC0-301F-11D3-BF4B-00C04F79EFBC}") = "EveCacheParser.Tests", "Desmont_McCallock-evecacheparser\test\EveCacheParser.Tests\EveCacheParser.Tests.csproj", "{250E7060-E5F3-4987-8A60-EA03921F16B3}"
EndProject
Project("{FAE04EC0-301F-11D3-BF4B-00C04F79EFBC}") = "CacheTest", "CacheTest\CacheTest.csproj", "{DEBCE9F5-820F-4511-A0D3-3EE334DA5A8F}"
EndProject
Project("{2150E333-8FDC-42A3-9474-1A3956D46DE8}") = "Solution Items", "Solution Items", "{EF499431-C073-4C9D-983F-C35D703DB910}"
	ProjectSection(SolutionItems) = preProject
		EveCmdList.txt = EveCmdList.txt
	EndProjectSection
EndProject
Project("{FAE04EC0-301F-11D3-BF4B-00C04F79EFBC}") = "EVEParser", "EVEParser\EVEParser.csproj", "{2F440AF9-BAD4-46D5-80D1-1B377B243FA6}"
EndProject
Project("{FAE04EC0-301F-11D3-BF4B-00C04F79EFBC}") = "YamlDotNet", "YamlDotNet\YamlDotNet.csproj", "{BF32DE1B-6276-4341-B212-F8862ADBBA7A}"
EndProject
Global
	GlobalSection(SolutionConfigurationPlatforms) = preSolution
		Debug|Any CPU = Debug|Any CPU
		Debug-AOT|Any CPU = Debug-AOT|Any CPU
		Debug-UnitySubset-v35|Any CPU = Debug-UnitySubset-v35|Any CPU
		Release|Any CPU = Release|Any CPU
		Release-Portable-Signed|Any CPU = Release-Portable-Signed|Any CPU
		Release-Portable-Unsigned|Any CPU = Release-Portable-Unsigned|Any CPU
		Release-Signed|Any CPU = Release-Signed|Any CPU
		Release-UnitySubset-v35|Any CPU = Release-UnitySubset-v35|Any CPU
		Release-Unsigned|Any CPU = Release-Unsigned|Any CPU
	EndGlobalSection
	GlobalSection(ProjectConfigurationPlatforms) = postSolution
		{8948DCA5-C664-4093-A1FC-6C37C575FBE0}.Debug|Any CPU.ActiveCfg = Debug|Any CPU
		{8948DCA5-C664-4093-A1FC-6C37C575FBE0}.Debug|Any CPU.Build.0 = Debug|Any CPU
		{8948DCA5-C664-4093-A1FC-6C37C575FBE0}.Debug-AOT|Any CPU.ActiveCfg = Debug|Any CPU
		{8948DCA5-C664-4093-A1FC-6C37C575FBE0}.Debug-AOT|Any CPU.Build.0 = Debug|Any CPU
		{8948DCA5-C664-4093-A1FC-6C37C575FBE0}.Debug-UnitySubset-v35|Any CPU.ActiveCfg = Debug|Any CPU
		{8948DCA5-C664-4093-A1FC-6C37C575FBE0}.Debug-UnitySubset-v35|Any CPU.Build.0 = Debug|Any CPU
		{8948DCA5-C664-4093-A1FC-6C37C575FBE0}.Release|Any CPU.ActiveCfg = Release|Any CPU
		{8948DCA5-C664-4093-A1FC-6C37C575FBE0}.Release|Any CPU.Build.0 = Release|Any CPU
		{8948DCA5-C664-4093-A1FC-6C37C575FBE0}.Release-Portable-Signed|Any CPU.ActiveCfg = Release|Any CPU
		{8948DCA5-C664-4093-A1FC-6C37C575FBE0}.Release-Portable-Signed|Any CPU.Build.0 = Release|Any CPU
		{8948DCA5-C664-4093-A1FC-6C37C575FBE0}.Release-Portable-Unsigned|Any CPU.ActiveCfg = Release|Any CPU
		{8948DCA5-C664-4093-A1FC-6C37C575FBE0}.Release-Portable-Unsigned|Any CPU.Build.0 = Release|Any CPU
		{8948DCA5-C664-4093-A1FC-6C37C575FBE0}.Release-Signed|Any CPU.ActiveCfg = Release|Any CPU
		{8948DCA5-C664-4093-A1FC-6C37C575FBE0}.Release-Signed|Any CPU.Build.0 = Release|Any CPU
		{8948DCA5-C664-4093-A1FC-6C37C575FBE0}.Release-UnitySubset-v35|Any CPU.ActiveCfg = Release|Any CPU
		{8948DCA5-C664-4093-A1FC-6C37C575FBE0}.Release-UnitySubset-v35|Any CPU.Build.0 = Release|Any CPU
		{8948DCA5-C664-4093-A1FC-6C37C575FBE0}.Release-Unsigned|Any CPU.ActiveCfg = Release|Any CPU
		{8948DCA5-C664-4093-A1FC-6C37C575FBE0}.Release-Unsigned|Any CPU.Build.0 = Release|Any CPU
		{D0F83DD2-6081-4FDA-96F0-D0883EAD7023}.Debug|Any CPU.ActiveCfg = Debug|Any CPU
		{D0F83DD2-6081-4FDA-96F0-D0883EAD7023}.Debug|Any CPU.Build.0 = Debug|Any CPU
		{D0F83DD2-6081-4FDA-96F0-D0883EAD7023}.Debug-AOT|Any CPU.ActiveCfg = Debug|Any CPU
		{D0F83DD2-6081-4FDA-96F0-D0883EAD7023}.Debug-AOT|Any CPU.Build.0 = Debug|Any CPU
		{D0F83DD2-6081-4FDA-96F0-D0883EAD7023}.Debug-UnitySubset-v35|Any CPU.ActiveCfg = Debug|Any CPU
		{D0F83DD2-6081-4FDA-96F0-D0883EAD7023}.Debug-UnitySubset-v35|Any CPU.Build.0 = Debug|Any CPU
		{D0F83DD2-6081-4FDA-96F0-D0883EAD7023}.Release|Any CPU.ActiveCfg = Release|Any CPU
		{D0F83DD2-6081-4FDA-96F0-D0883EAD7023}.Release|Any CPU.Build.0 = Release|Any CPU
		{D0F83DD2-6081-4FDA-96F0-D0883EAD7023}.Release-Portable-Signed|Any CPU.ActiveCfg = Release|Any CPU
		{D0F83DD2-6081-4FDA-96F0-D0883EAD7023}.Release-Portable-Signed|Any CPU.Build.0 = Release|Any CPU
		{D0F83DD2-6081-4FDA-96F0-D0883EAD7023}.Release-Portable-Unsigned|Any CPU.ActiveCfg = Release|Any CPU
		{D0F83DD2-6081-4FDA-96F0-D0883EAD7023}.Release-Portable-Unsigned|Any CPU.Build.0 = Release|Any CPU
		{D0F83DD2-6081-4FDA-96F0-D0883EAD7023}.Release-Signed|Any CPU.ActiveCfg = Release|Any CPU
		{D0F83DD2-6081-4FDA-96F0-D0883EAD7023}.Release-Signed|Any CPU.Build.0 = Release|Any CPU
		{D0F83DD2-6081-4FDA-96F0-D0883EAD7023}.Release-UnitySubset-v35|Any CPU.ActiveCfg = Release|Any CPU
		{D0F83DD2-6081-4FDA-96F0-D0883EAD7023}.Release-UnitySubset-v35|Any CPU.Build.0 = Release|Any CPU
		{D0F83DD2-6081-4FDA-96F0-D0883EAD7023}.Release-Unsigned|Any CPU.ActiveCfg = Release|Any CPU
		{D0F83DD2-6081-4FDA-96F0-D0883EAD7023}.Release-Unsigned|Any CPU.Build.0 = Release|Any CPU
		{250E7060-E5F3-4987-8A60-EA03921F16B3}.Debug|Any CPU.ActiveCfg = Debug|Any CPU
		{250E7060-E5F3-4987-8A60-EA03921F16B3}.Debug|Any CPU.Build.0 = Debug|Any CPU
		{250E7060-E5F3-4987-8A60-EA03921F16B3}.Debug-AOT|Any CPU.ActiveCfg = Debug|Any CPU
		{250E7060-E5F3-4987-8A60-EA03921F16B3}.Debug-AOT|Any CPU.Build.0 = Debug|Any CPU
		{250E7060-E5F3-4987-8A60-EA03921F16B3}.Debug-UnitySubset-v35|Any CPU.ActiveCfg = Debug|Any CPU
		{250E7060-E5F3-4987-8A60-EA03921F16B3}.Debug-UnitySubset-v35|Any CPU.Build.0 = Debug|Any CPU
		{250E7060-E5F3-4987-8A60-EA03921F16B3}.Release|Any CPU.ActiveCfg = Release|Any CPU
		{250E7060-E5F3-4987-8A60-EA03921F16B3}.Release|Any CPU.Build.0 = Release|Any CPU
		{250E7060-E5F3-4987-8A60-EA03921F16B3}.Release-Portable-Signed|Any CPU.ActiveCfg = Release|Any CPU
		{250E7060-E5F3-4987-8A60-EA03921F16B3}.Release-Portable-Signed|Any CPU.Build.0 = Release|Any CPU
		{250E7060-E5F3-4987-8A60-EA03921F16B3}.Release-Portable-Unsigned|Any CPU.ActiveCfg = Release|Any CPU
		{250E7060-E5F3-4987-8A60-EA03921F16B3}.Release-Portable-Unsigned|Any CPU.Build.0 = Release|Any CPU
		{250E7060-E5F3-4987-8A60-EA03921F16B3}.Release-Signed|Any CPU.ActiveCfg = Release|Any CPU
		{250E7060-E5F3-4987-8A60-EA03921F16B3}.Release-Signed|Any CPU.Build.0 = Release|Any CPU
		{250E7060-E5F3-4987-8A60-EA03921F16B3}.Release-UnitySubset-v35|Any CPU.ActiveCfg = Release|Any CPU
		{250E7060-E5F3-4987-8A60-EA03921F16B3}.Release-UnitySubset-v35|Any CPU.Build.0 = Release|Any CPU
		{250E7060-E5F3-4987-8A60-EA03921F16B3}.Release-Unsigned|Any CPU.ActiveCfg = Release|Any CPU
		{250E7060-E5F3-4987-8A60-EA03921F16B3}.Release-Unsigned|Any CPU.Build.0 = Release|Any CPU
		{DEBCE9F5-820F-4511-A0D3-3EE334DA5A8F}.Debug|Any CPU.ActiveCfg = Debug|Any CPU
		{DEBCE9F5-820F-4511-A0D3-3EE334DA5A8F}.Debug|Any CPU.Build.0 = Debug|Any CPU
		{DEBCE9F5-820F-4511-A0D3-3EE334DA5A8F}.Debug-AOT|Any CPU.ActiveCfg = Debug|Any CPU
		{DEBCE9F5-820F-4511-A0D3-3EE334DA5A8F}.Debug-AOT|Any CPU.Build.0 = Debug|Any CPU
		{DEBCE9F5-820F-4511-A0D3-3EE334DA5A8F}.Debug-UnitySubset-v35|Any CPU.ActiveCfg = Debug|Any CPU
		{DEBCE9F5-820F-4511-A0D3-3EE334DA5A8F}.Debug-UnitySubset-v35|Any CPU.Build.0 = Debug|Any CPU
		{DEBCE9F5-820F-4511-A0D3-3EE334DA5A8F}.Release|Any CPU.ActiveCfg = Release|Any CPU
		{DEBCE9F5-820F-4511-A0D3-3EE334DA5A8F}.Release|Any CPU.Build.0 = Release|Any CPU
		{DEBCE9F5-820F-4511-A0D3-3EE334DA5A8F}.Release-Portable-Signed|Any CPU.ActiveCfg = Release|Any CPU
		{DEBCE9F5-820F-4511-A0D3-3EE334DA5A8F}.Release-Portable-Signed|Any CPU.Build.0 = Release|Any CPU
		{DEBCE9F5-820F-4511-A0D3-3EE334DA5A8F}.Release-Portable-Unsigned|Any CPU.ActiveCfg = Release|Any CPU
		{DEBCE9F5-820F-4511-A0D3-3EE334DA5A8F}.Release-Portable-Unsigned|Any CPU.Build.0 = Release|Any CPU
		{DEBCE9F5-820F-4511-A0D3-3EE334DA5A8F}.Release-Signed|Any CPU.ActiveCfg = Release|Any CPU
		{DEBCE9F5-820F-4511-A0D3-3EE334DA5A8F}.Release-Signed|Any CPU.Build.0 = Release|Any CPU
		{DEBCE9F5-820F-4511-A0D3-3EE334DA5A8F}.Release-UnitySubset-v35|Any CPU.ActiveCfg = Release|Any CPU
		{DEBCE9F5-820F-4511-A0D3-3EE334DA5A8F}.Release-UnitySubset-v35|Any CPU.Build.0 = Release|Any CPU
		{DEBCE9F5-820F-4511-A0D3-3EE334DA5A8F}.Release-Unsigned|Any CPU.ActiveCfg = Release|Any CPU
		{DEBCE9F5-820F-4511-A0D3-3EE334DA5A8F}.Release-Unsigned|Any CPU.Build.0 = Release|Any CPU
		{2F440AF9-BAD4-46D5-80D1-1B377B243FA6}.Debug|Any CPU.ActiveCfg = Debug|Any CPU
		{2F440AF9-BAD4-46D5-80D1-1B377B243FA6}.Debug|Any CPU.Build.0 = Debug|Any CPU
		{2F440AF9-BAD4-46D5-80D1-1B377B243FA6}.Debug-AOT|Any CPU.ActiveCfg = Debug|Any CPU
		{2F440AF9-BAD4-46D5-80D1-1B377B243FA6}.Debug-AOT|Any CPU.Build.0 = Debug|Any CPU
		{2F440AF9-BAD4-46D5-80D1-1B377B243FA6}.Debug-UnitySubset-v35|Any CPU.ActiveCfg = Debug|Any CPU
		{2F440AF9-BAD4-46D5-80D1-1B377B243FA6}.Debug-UnitySubset-v35|Any CPU.Build.0 = Debug|Any CPU
		{2F440AF9-BAD4-46D5-80D1-1B377B243FA6}.Release|Any CPU.ActiveCfg = Release|Any CPU
		{2F440AF9-BAD4-46D5-80D1-1B377B243FA6}.Release|Any CPU.Build.0 = Release|Any CPU
		{2F440AF9-BAD4-46D5-80D1-1B377B243FA6}.Release-Portable-Signed|Any CPU.ActiveCfg = Release|Any CPU
		{2F440AF9-BAD4-46D5-80D1-1B377B243FA6}.Release-Portable-Signed|Any CPU.Build.0 = Release|Any CPU
		{2F440AF9-BAD4-46D5-80D1-1B377B243FA6}.Release-Portable-Unsigned|Any CPU.ActiveCfg = Release|Any CPU
		{2F440AF9-BAD4-46D5-80D1-1B377B243FA6}.Release-Portable-Unsigned|Any CPU.Build.0 = Release|Any CPU
		{2F440AF9-BAD4-46D5-80D1-1B377B243FA6}.Release-Signed|Any CPU.ActiveCfg = Release|Any CPU
		{2F440AF9-BAD4-46D5-80D1-1B377B243FA6}.Release-Signed|Any CPU.Build.0 = Release|Any CPU
		{2F440AF9-BAD4-46D5-80D1-1B377B243FA6}.Release-UnitySubset-v35|Any CPU.ActiveCfg = Release|Any CPU
		{2F440AF9-BAD4-46D5-80D1-1B377B243FA6}.Release-UnitySubset-v35|Any CPU.Build.0 = Release|Any CPU
		{2F440AF9-BAD4-46D5-80D1-1B377B243FA6}.Release-Unsigned|Any CPU.ActiveCfg = Release|Any CPU
		{2F440AF9-BAD4-46D5-80D1-1B377B243FA6}.Release-Unsigned|Any CPU.Build.0 = Release|Any CPU
		{BF32DE1B-6276-4341-B212-F8862ADBBA7A}.Debug|Any CPU.ActiveCfg = Debug|Any CPU
		{BF32DE1B-6276-4341-B212-F8862ADBBA7A}.Debug|Any CPU.Build.0 = Debug|Any CPU
		{BF32DE1B-6276-4341-B212-F8862ADBBA7A}.Debug-AOT|Any CPU.ActiveCfg = Debug-AOT|Any CPU
		{BF32DE1B-6276-4341-B212-F8862ADBBA7A}.Debug-AOT|Any CPU.Build.0 = Debug-AOT|Any CPU
		{BF32DE1B-6276-4341-B212-F8862ADBBA7A}.Debug-UnitySubset-v35|Any CPU.ActiveCfg = Debug-UnitySubset-v35|Any CPU
		{BF32DE1B-6276-4341-B212-F8862ADBBA7A}.Debug-UnitySubset-v35|Any CPU.Build.0 = Debug-UnitySubset-v35|Any CPU
		{BF32DE1B-6276-4341-B212-F8862ADBBA7A}.Release|Any CPU.ActiveCfg = Release-UnitySubset-v35|Any CPU
		{BF32DE1B-6276-4341-B212-F8862ADBBA7A}.Release|Any CPU.Build.0 = Release-UnitySubset-v35|Any CPU
		{BF32DE1B-6276-4341-B212-F8862ADBBA7A}.Release-Portable-Signed|Any CPU.ActiveCfg = Release-Portable-Signed|Any CPU
		{BF32DE1B-6276-4341-B212-F8862ADBBA7A}.Release-Portable-Signed|Any CPU.Build.0 = Release-Portable-Signed|Any CPU
		{BF32DE1B-6276-4341-B212-F8862ADBBA7A}.Release-Portable-Unsigned|Any CPU.ActiveCfg = Release-Portable-Unsigned|Any CPU
		{BF32DE1B-6276-4341-B212-F8862ADBBA7A}.Release-Portable-Unsigned|Any CPU.Build.0 = Release-Portable-Unsigned|Any CPU
		{BF32DE1B-6276-4341-B212-F8862ADBBA7A}.Release-Signed|Any CPU.ActiveCfg = Release-Signed|Any CPU
		{BF32DE1B-6276-4341-B212-F8862ADBBA7A}.Release-Signed|Any CPU.Build.0 = Release-Signed|Any CPU
		{BF32DE1B-6276-4341-B212-F8862ADBBA7A}.Release-UnitySubset-v35|Any CPU.ActiveCfg = Release-UnitySubset-v35|Any CPU
		{BF32DE1B-6276-4341-B212-F8862ADBBA7A}.Release-UnitySubset-v35|Any CPU.Build.0 = Release-UnitySubset-v35|Any CPU
		{BF32DE1B-6276-4341-B212-F8862ADBBA7A}.Release-Unsigned|Any CPU.ActiveCfg = Release-Unsigned|Any CPU
		{BF32DE1B-6276-4341-B212-F8862ADBBA7A}.Release-Unsigned|Any CPU.Build.0 = Release-Unsigned|Any CPU
	EndGlobalSection
	GlobalSection(SolutionProperties) = preSolution
		HideSolutionNode = FALSE
	EndGlobalSection
EndGlobal
